
Microsoft Visual Studio Solution File, Format Version 12.00
# Visual Studio 15
VisualStudioVersion = 15.0.27428.1
MinimumVisualStudioVersion = 10.0.40219.1
Project("{FAE04EC0-301F-11D3-BF4B-00C04F79EFBC}") = "ServiceTest", "ServiceTest\ServiceTest.csproj", "{973EED11-056A-4A8E-BCFC-AAAA4B652222}"
EndProject
Global
	GlobalSection(SolutionConfigurationPlatforms) = preSolution
		Debug|Any CPU = Debug|Any CPU
		Release|Any CPU = Release|Any CPU
	EndGlobalSection
	GlobalSection(ProjectConfigurationPlatforms) = postSolution
		{973EED11-056A-4A8E-BCFC-AAAA4B652222}.Debug|Any CPU.ActiveCfg = Debug|Any CPU
		{973EED11-056A-4A8E-BCFC-AAAA4B652222}.Debug|Any CPU.Build.0 = Debug|Any CPU
		{973EED11-056A-4A8E-BCFC-AAAA4B652222}.Debug|Any CPU.Deploy.0 = Debug|Any CPU
		{973EED11-056A-4A8E-BCFC-AAAA4B652222}.Release|Any CPU.ActiveCfg = Release|Any CPU
		{973EED11-056A-4A8E-BCFC-AAAA4B652222}.Release|Any CPU.Build.0 = Release|Any CPU
		{973EED11-056A-4A8E-BCFC-AAAA4B652222}.Release|Any CPU.Deploy.0 = Release|Any CPU
	EndGlobalSection
	GlobalSection(SolutionProperties) = preSolution
		HideSolutionNode = FALSE
	EndGlobalSection
	GlobalSection(ExtensibilityGlobals) = postSolution
		SolutionGuid = {EB3F8EE9-DF12-4949-9770-5D9633C1C59C}
	EndGlobalSection
EndGlobal
